PODS:
  - Kingfisher (4.10.1)
  - SwiftyJSON (4.3.0)

DEPENDENCIES:
  - Kingfisher (~> 4.0)
  - SwiftyJSON (~> 4.0)

SPEC REPOS:
  trunk:
    - Kingfisher
    - SwiftyJSON

SPEC CHECKSUMS:
  Kingfisher: c148cd7b47ebde9989f6bc7c27dcaa79d81279a0
  SwiftyJSON: 6faa0040f8b59dead0ee07436cbf76b73c08fd08

PODFILE CHECKSUM: 9af775f4d7caf28bad00fc2ba867df5ab00c2e86

COCOAPODS: 1.9.1
